
Microsoft Visual Studio Solution File, Format Version 12.00
# Visual Studio Version 16
VisualStudioVersion = 16.0.31205.134
MinimumVisualStudioVersion = 10.0.40219.1
Project("{8BC9CEB8-8B4A-11D0-8D11-00A0C91BC942}") = "객체2 11.3 수업", "객체2 11.3 수업\객체2 11.3 수업.vcxproj", "{97F3BFF8-64C9-4BB3-B88C-A8AAC0D6305B}"
EndProject
Global
	GlobalSection(SolutionConfigurationPlatforms) = preSolution
		Debug|x64 = Debug|x64
		Debug|x86 = Debug|x86
		Release|x64 = Release|x64
		Release|x86 = Release|x86
	EndGlobalSection
	GlobalSection(ProjectConfigurationPlatforms) = postSolution
		{97F3BFF8-64C9-4BB3-B88C-A8AAC0D6305B}.Debug|x64.ActiveCfg = Debug|x64
		{97F3BFF8-64C9-4BB3-B88C-A8AAC0D6305B}.Debug|x64.Build.0 = Debug|x64
		{97F3BFF8-64C9-4BB3-B88C-A8AAC0D6305B}.Debug|x86.ActiveCfg = Debug|Win32
		{97F3BFF8-64C9-4BB3-B88C-A8AAC0D6305B}.Debug|x86.Build.0 = Debug|Win32
		{97F3BFF8-64C9-4BB3-B88C-A8AAC0D6305B}.Release|x64.ActiveCfg = Release|x64
		{97F3BFF8-64C9-4BB3-B88C-A8AAC0D6305B}.Release|x64.Build.0 = Release|x64
		{97F3BFF8-64C9-4BB3-B88C-A8AAC0D6305B}.Release|x86.ActiveCfg = Release|Win32
		{97F3BFF8-64C9-4BB3-B88C-A8AAC0D6305B}.Release|x86.Build.0 = Release|Win32
	EndGlobalSection
	GlobalSection(SolutionProperties) = preSolution
		HideSolutionNode = FALSE
	EndGlobalSection
	GlobalSection(ExtensibilityGlobals) = postSolution
		SolutionGuid = {2080C672-26EC-4DBC-ABCE-3F82D232F624}
	EndGlobalSection
EndGlobal
